
Microsoft Visual Studio Solution File, Format Version 12.00
# Visual Studio Version 16
VisualStudioVersion = 16.0.31613.86
MinimumVisualStudioVersion = 10.0.40219.1
Project("{FAE04EC0-301F-11D3-BF4B-00C04F79EFBC}") = "StringReaderWriterDemo", "StringReaderWriterDemo.csproj", "{F6139059-E5FB-4B91-9FD5-460CA982BA92}"
EndProject
Global
	GlobalSection(SolutionConfigurationPlatforms) = preSolution
		Debug|Any CPU = Debug|Any CPU
		Release|Any CPU = Release|Any CPU
	EndGlobalSection
	GlobalSection(ProjectConfigurationPlatforms) = postSolution
		{F6139059-E5FB-4B91-9FD5-460CA982BA92}.Debug|Any CPU.ActiveCfg = Debug|Any CPU
		{F6139059-E5FB-4B91-9FD5-460CA982BA92}.Debug|Any CPU.Build.0 = Debug|Any CPU
		{F6139059-E5FB-4B91-9FD5-460CA982BA92}.Release|Any CPU.ActiveCfg = Release|Any CPU
		{F6139059-E5FB-4B91-9FD5-460CA982BA92}.Release|Any CPU.Build.0 = Release|Any CPU
	EndGlobalSection
	GlobalSection(SolutionProperties) = preSolution
		HideSolutionNode = FALSE
	EndGlobalSection
	GlobalSection(ExtensibilityGlobals) = postSolution
		SolutionGuid = {C6123E20-B46D-4B37-8AD7-90566699E8F0}
	EndGlobalSection
EndGlobal
